
Microsoft Visual Studio Solution File, Format Version 12.00
# Visual Studio Version 17
VisualStudioVersion = 17.11.35222.181
MinimumVisualStudioVersion = 10.0.40219.1
Project("{8BC9CEB8-8B4A-11D0-8D11-00A0C91BC942}") = "Lab_1_6", "Lab_1_6\Lab_1_6.vcxproj", "{9CABF6EC-5797-4D0B-909C-818B87514F7E}"
EndProject
Project("{8BC9CEB8-8B4A-11D0-8D11-00A0C91BC942}") = "Lab_1_6_2", "Lab_1_6_2\Lab_1_6_2.vcxproj", "{7699F7FC-BC28-4953-93EC-5287207A7039}"
EndProject
Global
	GlobalSection(SolutionConfigurationPlatforms) = preSolution
		Debug|x64 = Debug|x64
		Debug|x86 = Debug|x86
		Release|x64 = Release|x64
		Release|x86 = Release|x86
	EndGlobalSection
	GlobalSection(ProjectConfigurationPlatforms) = postSolution
		{9CABF6EC-5797-4D0B-909C-818B87514F7E}.Debug|x64.ActiveCfg = Debug|x64
		{9CABF6EC-5797-4D0B-909C-818B87514F7E}.Debug|x64.Build.0 = Debug|x64
		{9CABF6EC-5797-4D0B-909C-818B87514F7E}.Debug|x86.ActiveCfg = Debug|Win32
		{9CABF6EC-5797-4D0B-909C-818B87514F7E}.Debug|x86.Build.0 = Debug|Win32
		{9CABF6EC-5797-4D0B-909C-818B87514F7E}.Release|x64.ActiveCfg = Release|x64
		{9CABF6EC-5797-4D0B-909C-818B87514F7E}.Release|x64.Build.0 = Release|x64
		{9CABF6EC-5797-4D0B-909C-818B87514F7E}.Release|x86.ActiveCfg = Release|Win32
		{9CABF6EC-5797-4D0B-909C-818B87514F7E}.Release|x86.Build.0 = Release|Win32
		{7699F7FC-BC28-4953-93EC-5287207A7039}.Debug|x64.ActiveCfg = Debug|x64
		{7699F7FC-BC28-4953-93EC-5287207A7039}.Debug|x64.Build.0 = Debug|x64
		{7699F7FC-BC28-4953-93EC-5287207A7039}.Debug|x86.ActiveCfg = Debug|Win32
		{7699F7FC-BC28-4953-93EC-5287207A7039}.Debug|x86.Build.0 = Debug|Win32
		{7699F7FC-BC28-4953-93EC-5287207A7039}.Release|x64.ActiveCfg = Release|x64
		{7699F7FC-BC28-4953-93EC-5287207A7039}.Release|x64.Build.0 = Release|x64
		{7699F7FC-BC28-4953-93EC-5287207A7039}.Release|x86.ActiveCfg = Release|Win32
		{7699F7FC-BC28-4953-93EC-5287207A7039}.Release|x86.Build.0 = Release|Win32
	EndGlobalSection
	GlobalSection(SolutionProperties) = preSolution
		HideSolutionNode = FALSE
	EndGlobalSection
	GlobalSection(ExtensibilityGlobals) = postSolution
		SolutionGuid = {32A76F86-696D-4E32-A483-633989F41002}
	EndGlobalSection
EndGlobal
